// !$*UTF8*$!
{
	archiveVersion = 1;
	classes = {
	};
	objectVersion = 50;
	objects = {

/* Begin PBXBuildFile section */
		83FD41CA253DC1A50072ED28 /* VKSwiftUIApp.swift in Sources */ = {isa = PBXBuildFile; fileRef = 83FD41C9253DC1A50072ED28 /* VKSwiftUIApp.swift */; };
		83FD41CC253DC1A50072ED28 /* ContentView.swift in Sources */ = {isa = PBXBuildFile; fileRef = 83FD41CB253DC1A50072ED28 /* ContentView.swift */; };
		83FD41CE253DC1A60072ED28 /* Assets.xcassets in Resources */ = {isa = PBXBuildFile; fileRef = 83FD41CD253DC1A60072ED28 /* Assets.xcassets */; };
		83FD41D1253DC1A60072ED28 /* Preview Assets.xcassets in Resources */ = {isa = PBXBuildFile; fileRef = 83FD41D0253DC1A60072ED28 /* Preview Assets.xcassets */; };
		83FD41D3253DC1A60072ED28 /* Persistence.swift in Sources */ = {isa = PBXBuildFile; fileRef = 83FD41D2253DC1A60072ED28 /* Persistence.swift */; };
		83FD41D6253DC1A60072ED28 /* VKSwiftUI.xcdatamodeld in Sources */ = {isa = PBXBuildFile; fileRef = 83FD41D4253DC1A60072ED28 /* VKSwiftUI.xcdatamodeld */; };
		83FD41E1253DC1A60072ED28 /* VKSwiftUITests.swift in Sources */ = {isa = PBXBuildFile; fileRef = 83FD41E0253DC1A60072ED28 /* VKSwiftUITests.swift */; };
		83FD41EC253DC1A60072ED28 /* VKSwiftUIUITests.swift in Sources */ = {isa = PBXBuildFile; fileRef = 83FD41EB253DC1A60072ED28 /* VKSwiftUIUITests.swift */; };
/* End PBXBuildFile section */

/* Begin PBXContainerItemProxy section */
		83FD41DD253DC1A60072ED28 /* PBXContainerItemProxy */ = {
			isa = PBXContainerItemProxy;
			containerPortal = 83FD41BE253DC1A50072ED28 /* Project object */;
			proxyType = 1;
			remoteGlobalIDString = 83FD41C5253DC1A50072ED28;
			remoteInfo = VKSwiftUI;
		};
		83FD41E8253DC1A60072ED28 /* PBXContainerItemProxy */ = {
			isa = PBXContainerItemProxy;
			containerPortal = 83FD41BE253DC1A50072ED28 /* Project object */;
			proxyType = 1;
			remoteGlobalIDString = 83FD41C5253DC1A50072ED28;
			remoteInfo = VKSwiftUI;
		};
/* End PBXContainerItemProxy section */

/* Begin PBXFileReference section */
		83FD41C6253DC1A50072ED28 /* VKSwiftUI.app */ = {isa = PBXFileReference; explicitFileType = wrapper.application; includeInIndex = 0; path = VKSwiftUI.app; sourceTree = BUILT_PRODUCTS_DIR; };
		83FD41C9253DC1A50072ED28 /* VKSwiftUIApp.swift */ = {isa = PBXFileReference; lastKnownFileType = sourcecode.swift; path = VKSwiftUIApp.swift; sourceTree = "<group>"; };
		83FD41CB253DC1A50072ED28 /* ContentView.swift */ = {isa = PBXFileReference; lastKnownFileType = sourcecode.swift; path = ContentView.swift; sourceTree = "<group>"; };
		83FD41CD253DC1A60072ED28 /* Assets.xcassets */ = {isa = PBXFileReference; lastKnownFileType = folder.assetcatalog; path = Assets.xcassets; sourceTree = "<group>"; };
		83FD41D0253DC1A60072ED28 /* Preview Assets.xcassets */ = {isa = PBXFileReference; lastKnownFileType = folder.assetcatalog; path = "Preview Assets.xcassets"; sourceTree = "<group>"; };
		83FD41D2253DC1A60072ED28 /* Persistence.swift */ = {isa = PBXFileReference; lastKnownFileType = sourcecode.swift; path = Persistence.swift; sourceTree = "<group>"; };
		83FD41D5253DC1A60072ED28 /* VKSwiftUI.xcdatamodel */ = {isa = PBXFileReference; lastKnownFileType = wrapper.xcdatamodel; path = VKSwiftUI.xcdatamodel; sourceTree = "<group>"; };
		83FD41D7253DC1A60072ED28 /* Info.plist */ = {isa = PBXFileReference; lastKnownFileType = text.plist.xml; path = Info.plist; sourceTree = "<group>"; };
		83FD41DC253DC1A60072ED28 /* VKSwiftUITests.xctest */ = {isa = PBXFileReference; explicitFileType = wrapper.cfbundle; includeInIndex = 0; path = VKSwiftUITests.xctest; sourceTree = BUILT_PRODUCTS_DIR; };
		83FD41E0253DC1A60072ED28 /* VKSwiftUITests.swift */ = {isa = PBXFileReference; lastKnownFileType = sourcecode.swift; path = VKSwiftUITests.swift; sourceTree = "<group>"; };
		83FD41E2253DC1A60072ED28 /* Info.plist */ = {isa = PBXFileReference; lastKnownFileType = text.plist.xml; path = Info.plist; sourceTree = "<group>"; };
		83FD41E7253DC1A60072ED28 /* VKSwiftUIUITests.xctest */ = {isa = PBXFileReference; explicitFileType = wrapper.cfbundle; includeInIndex = 0; path = VKSwiftUIUITests.xctest; sourceTree = BUILT_PRODUCTS_DIR; };
		83FD41EB253DC1A60072ED28 /* VKSwiftUIUITests.swift */ = {isa = PBXFileReference; lastKnownFileType = sourcecode.swift; path = VKSwiftUIUITests.swift; sourceTree = "<group>"; };
		83FD41ED253DC1A60072ED28 /* Info.plist */ = {isa = PBXFileReference; lastKnownFileType = text.plist.xml; path = Info.plist; sourceTree = "<group>"; };
/* End PBXFileReference section */

/* Begin PBXFrameworksBuildPhase section */
		83FD41C3253DC1A50072ED28 /* Frameworks */ = {
			isa = PBXFrameworksBuildPhase;
			buildActionMask = 2147483647;
			files = (
			);
			runOnlyForDeploymentPostprocessing = 0;
		};
		83FD41D9253DC1A60072ED28 /* Frameworks */ = {
			isa = PBXFrameworksBuildPhase;
			buildActionMask = 2147483647;
			files = (
			);
			runOnlyForDeploymentPostprocessing = 0;
		};
		83FD41E4253DC1A60072ED28 /* Frameworks */ = {
			isa = PBXFrameworksBuildPhase;
			buildActionMask = 2147483647;
			files = (
			);
			runOnlyForDeploymentPostprocessing = 0;
		};
/* End PBXFrameworksBuildPhase section */

/* Begin PBXGroup section */
		83FD41BD253DC1A50072ED28 = {
			isa = PBXGroup;
			children = (
				83FD41C8253DC1A50072ED28 /* VKSwiftUI */,
				83FD41DF253DC1A60072ED28 /* VKSwiftUITests */,
				83FD41EA253DC1A60072ED28 /* VKSwiftUIUITests */,
				83FD41C7253DC1A50072ED28 /* Products */,
			);
			sourceTree = "<group>";
		};
		83FD41C7253DC1A50072ED28 /* Products */ = {
			isa = PBXGroup;
			children = (
				83FD41C6253DC1A50072ED28 /* VKSwiftUI.app */,
				83FD41DC253DC1A60072ED28 /* VKSwiftUITests.xctest */,
				83FD41E7253DC1A60072ED28 /* VKSwiftUIUITests.xctest */,
			);
			name = Products;
			sourceTree = "<group>";
		};
		83FD41C8253DC1A50072ED28 /* VKSwiftUI */ = {
			isa = PBXGroup;
			children = (
				83FD41C9253DC1A50072ED28 /* VKSwiftUIApp.swift */,
				83FD41CB253DC1A50072ED28 /* ContentView.swift */,
				83FD41CD253DC1A60072ED28 /* Assets.xcassets */,
				83FD41D2253DC1A60072ED28 /* Persistence.swift */,
				83FD41D7253DC1A60072ED28 /* Info.plist */,
				83FD41D4253DC1A60072ED28 /* VKSwiftUI.xcdatamodeld */,
				83FD41CF253DC1A60072ED28 /* Preview Content */,
			);
			path = VKSwiftUI;
			sourceTree = "<group>";
		};
		83FD41CF253DC1A60072ED28 /* Preview Content */ = {
			isa = PBXGroup;
			children = (
				83FD41D0253DC1A60072ED28 /* Preview Assets.xcassets */,
			);
			path = "Preview Content";
			sourceTree = "<group>";
		};
		83FD41DF253DC1A60072ED28 /* VKSwiftUITests */ = {
			isa = PBXGroup;
			children = (
				83FD41E0253DC1A60072ED28 /* VKSwiftUITests.swift */,
				83FD41E2253DC1A60072ED28 /* Info.plist */,
			);
			path = VKSwiftUITests;
			sourceTree = "<group>";
		};
		83FD41EA253DC1A60072ED28 /* VKSwiftUIUITests */ = {
			isa = PBXGroup;
			children = (
				83FD41EB253DC1A60072ED28 /* VKSwiftUIUITests.swift */,
				83FD41ED253DC1A60072ED28 /* Info.plist */,
			);
			path = VKSwiftUIUITests;
			sourceTree = "<group>";
		};
/* End PBXGroup section */

/* Begin PBXNativeTarget section */
		83FD41C5253DC1A50072ED28 /* VKSwiftUI */ = {
			isa = PBXNativeTarget;
			buildConfigurationList = 83FD41F0253DC1A70072ED28 /* Build configuration list for PBXNativeTarget "VKSwiftUI" */;
			buildPhases = (
				83FD41C2253DC1A50072ED28 /* Sources */,
				83FD41C3253DC1A50072ED28 /* Frameworks */,
				83FD41C4253DC1A50072ED28 /* Resources */,
			);
			buildRules = (
			);
			dependencies = (
			);
			name = VKSwiftUI;
			productName = VKSwiftUI;
			productReference = 83FD41C6253DC1A50072ED28 /* VKSwiftUI.app */;
			productType = "com.apple.product-type.application";
		};
		83FD41DB253DC1A60072ED28 /* VKSwiftUITests */ = {
			isa = PBXNativeTarget;
			buildConfigurationList = 83FD41F3253DC1A70072ED28 /* Build configuration list for PBXNativeTarget "VKSwiftUITests" */;
			buildPhases = (
				83FD41D8253DC1A60072ED28 /* Sources */,
				83FD41D9253DC1A60072ED28 /* Frameworks */,
				83FD41DA253DC1A60072ED28 /* Resources */,
			);
			buildRules = (
			);
			dependencies = (
				83FD41DE253DC1A60072ED28 /* PBXTargetDependency */,
			);
			name = VKSwiftUITests;
			productName = VKSwiftUITests;
			productReference = 83FD41DC253DC1A60072ED28 /* VKSwiftUITests.xctest */;
			productType = "com.apple.product-type.bundle.unit-test";
		};
		83FD41E6253DC1A60072ED28 /* VKSwiftUIUITests */ = {
			isa = PBXNativeTarget;
			buildConfigurationList = 83FD41F6253DC1A70072ED28 /* Build configuration list for PBXNativeTarget "VKSwiftUIUITests" */;
			buildPhases = (
				83FD41E3253DC1A60072ED28 /* Sources */,
				83FD41E4253DC1A60072ED28 /* Frameworks */,
				83FD41E5253DC1A60072ED28 /* Resources */,
			);
			buildRules = (
			);
			dependencies = (
				83FD41E9253DC1A60072ED28 /* PBXTargetDependency */,
			);
			name = VKSwiftUIUITests;
			productName = VKSwiftUIUITests;
			productReference = 83FD41E7253DC1A60072ED28 /* VKSwiftUIUITests.xctest */;
			productType = "com.apple.product-type.bundle.ui-testing";
		};
/* End PBXNativeTarget section */

/* Begin PBXProject section */
		83FD41BE253DC1A50072ED28 /* Project object */ = {
			isa = PBXProject;
			attributes = {
				LastSwiftUpdateCheck = 1200;
				LastUpgradeCheck = 1200;
				TargetAttributes = {
					83FD41C5253DC1A50072ED28 = {
						CreatedOnToolsVersion = 12.0.1;
					};
					83FD41DB253DC1A60072ED28 = {
						CreatedOnToolsVersion = 12.0.1;
						TestTargetID = 83FD41C5253DC1A50072ED28;
					};
					83FD41E6253DC1A60072ED28 = {
						CreatedOnToolsVersion = 12.0.1;
						TestTargetID = 83FD41C5253DC1A50072ED28;
					};
				};
			};
			buildConfigurationList = 83FD41C1253DC1A50072ED28 /* Build configuration list for PBXProject "VKSwiftUI" */;
			compatibilityVersion = "Xcode 9.3";
			developmentRegion = en;
			hasScannedForEncodings = 0;
			knownRegions = (
				en,
				Base,
			);
			mainGroup = 83FD41BD253DC1A50072ED28;
			productRefGroup = 83FD41C7253DC1A50072ED28 /* Products */;
			projectDirPath = "";
			projectRoot = "";
			targets = (
				83FD41C5253DC1A50072ED28 /* VKSwiftUI */,
				83FD41DB253DC1A60072ED28 /* VKSwiftUITests */,
				83FD41E6253DC1A60072ED28 /* VKSwiftUIUITests */,
			);
		};
/* End PBXProject section */

/* Begin PBXResourcesBuildPhase section */
		83FD41C4253DC1A50072ED28 /* Resources */ = {
			isa = PBXResourcesBuildPhase;
			buildActionMask = 2147483647;
			files = (
				83FD41D1253DC1A60072ED28 /* Preview Assets.xcassets in Resources */,
				83FD41CE253DC1A60072ED28 /* Assets.xcassets in Resources */,
			);
			runOnlyForDeploymentPostprocessing = 0;
		};
		83FD41DA253DC1A60072ED28 /* Resources */ = {
			isa = PBXResourcesBuildPhase;
			buildActionMask = 2147483647;
			files = (
			);
			runOnlyForDeploymentPostprocessing = 0;
		};
		83FD41E5253DC1A60072ED28 /* Resources */ = {
			isa = PBXResourcesBuildPhase;
			buildActionMask = 2147483647;
			files = (
			);
			runOnlyForDeploymentPostprocessing = 0;
		};
/* End PBXResourcesBuildPhase section */

/* Begin PBXSourcesBuildPhase section */
		83FD41C2253DC1A50072ED28 /* Sources */ = {
			isa = PBXSourcesBuildPhase;
			buildActionMask = 2147483647;
			files = (
				83FD41D3253DC1A60072ED28 /* Persistence.swift in Sources */,
				83FD41CC253DC1A50072ED28 /* ContentView.swift in Sources */,
				83FD41D6253DC1A60072ED28 /* VKSwiftUI.xcdatamodeld in Sources */,
				83FD41CA253DC1A50072ED28 /* VKSwiftUIApp.swift in Sources */,
			);
			runOnlyForDeploymentPostprocessing = 0;
		};
		83FD41D8253DC1A60072ED28 /* Sources */ = {
			isa = PBXSourcesBuildPhase;
			buildActionMask = 2147483647;
			files = (
				83FD41E1253DC1A60072ED28 /* VKSwiftUITests.swift in Sources */,
			);
			runOnlyForDeploymentPostprocessing = 0;
		};
		83FD41E3253DC1A60072ED28 /* Sources */ = {
			isa = PBXSourcesBuildPhase;
			buildActionMask = 2147483647;
			files = (
				83FD41EC253DC1A60072ED28 /* VKSwiftUIUITests.swift in Sources */,
			);
			runOnlyForDeploymentPostprocessing = 0;
		};
/* End PBXSourcesBuildPhase section */

/* Begin PBXTargetDependency section */
		83FD41DE253DC1A60072ED28 /* PBXTargetDependency */ = {
			isa = PBXTargetDependency;
			target = 83FD41C5253DC1A50072ED28 /* VKSwiftUI */;
			targetProxy = 83FD41DD253DC1A60072ED28 /* PBXContainerItemProxy */;
		};
		83FD41E9253DC1A60072ED28 /* PBXTargetDependency */ = {
			isa = PBXTargetDependency;
			target = 83FD41C5253DC1A50072ED28 /* VKSwiftUI */;
			targetProxy = 83FD41E8253DC1A60072ED28 /* PBXContainerItemProxy */;
		};
/* End PBXTargetDependency section */

/* Begin XCBuildConfiguration section */
		83FD41EE253DC1A70072ED28 /* Debug */ = {
			isa = XCBuildConfiguration;
			buildSettings = {
				ALWAYS_SEARCH_USER_PATHS = NO;
				CLANG_ANALYZER_NONNULL = YES;
				CLANG_ANALYZER_NUMBER_OBJECT_CONVERSION = YES_AGGRESSIVE;
				CLANG_CXX_LANGUAGE_STANDARD = "gnu++14";
				CLANG_CXX_LIBRARY = "libc++";
				CLANG_ENABLE_MODULES = YES;
				CLANG_ENABLE_OBJC_ARC = YES;
				CLANG_ENABLE_OBJC_WEAK = YES;
				CLANG_WARN_BLOCK_CAPTURE_AUTORELEASING = YES;
				CLANG_WARN_BOOL_CONVERSION = YES;
				CLANG_WARN_COMMA = YES;
				CLANG_WARN_CONSTANT_CONVERSION = YES;
				CLANG_WARN_DEPRECATED_OBJC_IMPLEMENTATIONS = YES;
				CLANG_WARN_DIRECT_OBJC_ISA_USAGE = YES_ERROR;
				CLANG_WARN_DOCUMENTATION_COMMENTS = YES;
				CLANG_WARN_EMPTY_BODY = YES;
				CLANG_WARN_ENUM_CONVERSION = YES;
				CLANG_WARN_INFINITE_RECURSION = YES;
				CLANG_WARN_INT_CONVERSION = YES;
				CLANG_WARN_NON_LITERAL_NULL_CONVERSION = YES;
				CLANG_WARN_OBJC_IMPLICIT_RETAIN_SELF = YES;
				CLANG_WARN_OBJC_LITERAL_CONVERSION = YES;
				CLANG_WARN_OBJC_ROOT_CLASS = YES_ERROR;
				CLANG_WARN_QUOTED_INCLUDE_IN_FRAMEWORK_HEADER = YES;
				CLANG_WARN_RANGE_LOOP_ANALYSIS = YES;
				CLANG_WARN_STRICT_PROTOTYPES = YES;
				CLANG_WARN_SUSPICIOUS_MOVE = YES;
				CLANG_WARN_UNGUARDED_AVAILABILITY = YES_AGGRESSIVE;
				CLANG_WARN_UNREACHABLE_CODE = YES;
				CLANG_WARN__DUPLICATE_METHOD_MATCH = YES;
				COPY_PHASE_STRIP = NO;
				DEBUG_INFORMATION_FORMAT = dwarf;
				ENABLE_STRICT_OBJC_MSGSEND = YES;
				ENABLE_TESTABILITY = YES;
				GCC_C_LANGUAGE_STANDARD = gnu11;
				GCC_DYNAMIC_NO_PIC = NO;
				GCC_NO_COMMON_BLOCKS = YES;
				GCC_OPTIMIZATION_LEVEL = 0;
				GCC_PREPROCESSOR_DEFINITIONS = (
					"DEBUG=1",
					"$(inherited)",
				);
				GCC_WARN_64_TO_32_BIT_CONVERSION = YES;
				GCC_WARN_ABOUT_RETURN_TYPE = YES_ERROR;
				GCC_WARN_UNDECLARED_SELECTOR = YES;
				GCC_WARN_UNINITIALIZED_AUTOS = YES_AGGRESSIVE;
				GCC_WARN_UNUSED_FUNCTION = YES;
				GCC_WARN_UNUSED_VARIABLE = YES;
				IPHONEOS_DEPLOYMENT_TARGET = 14.0;
				MTL_ENABLE_DEBUG_INFO = INCLUDE_SOURCE;
				MTL_FAST_MATH = YES;
				ONLY_ACTIVE_ARCH = YES;
				SDKROOT = iphoneos;
				SWIFT_ACTIVE_COMPILATION_CONDITIONS = DEBUG;
				SWIFT_OPTIMIZATION_LEVEL = "-Onone";
			};
			name = Debug;
		};
		83FD41EF253DC1A70072ED28 /* Release */ = {
			isa = XCBuildConfiguration;
			buildSettings = {
				ALWAYS_SEARCH_USER_PATHS = NO;
				CLANG_ANALYZER_NONNULL = YES;
				CLANG_ANALYZER_NUMBER_OBJECT_CONVERSION = YES_AGGRESSIVE;
				CLANG_CXX_LANGUAGE_STANDARD = "gnu++14";
				CLANG_CXX_LIBRARY = "libc++";
				CLANG_ENABLE_MODULES = YES;
				CLANG_ENABLE_OBJC_ARC = YES;
				CLANG_ENABLE_OBJC_WEAK = YES;
				CLANG_WARN_BLOCK_CAPTURE_AUTORELEASING = YES;
				CLANG_WARN_BOOL_CONVERSION = YES;
				CLANG_WARN_COMMA = YES;
				CLANG_WARN_CONSTANT_CONVERSION = YES;
				CLANG_WARN_DEPRECATED_OBJC_IMPLEMENTATIONS = YES;
				CLANG_WARN_DIRECT_OBJC_ISA_USAGE = YES_ERROR;
				CLANG_WARN_DOCUMENTATION_COMMENTS = YES;
				CLANG_WARN_EMPTY_BODY = YES;
				CLANG_WARN_ENUM_CONVERSION = YES;
				CLANG_WARN_INFINITE_RECURSION = YES;
				CLANG_WARN_INT_CONVERSION = YES;
				CLANG_WARN_NON_LITERAL_NULL_CONVERSION = YES;
				CLANG_WARN_OBJC_IMPLICIT_RETAIN_SELF = YES;
				CLANG_WARN_OBJC_LITERAL_CONVERSION = YES;
				CLANG_WARN_OBJC_ROOT_CLASS = YES_ERROR;
				CLANG_WARN_QUOTED_INCLUDE_IN_FRAMEWORK_HEADER = YES;
				CLANG_WARN_RANGE_LOOP_ANALYSIS = YES;
				CLANG_WARN_STRICT_PROTOTYPES = YES;
				CLANG_WARN_SUSPICIOUS_MOVE = YES;
				CLANG_WARN_UNGUARDED_AVAILABILITY = YES_AGGRESSIVE;
				CLANG_WARN_UNREACHABLE_CODE = YES;
				CLANG_WARN__DUPLICATE_METHOD_MATCH = YES;
				COPY_PHASE_STRIP = NO;
				DEBUG_INFORMATION_FORMAT = "dwarf-with-dsym";
				ENABLE_NS_ASSERTIONS = NO;
				ENABLE_STRICT_OBJC_MSGSEND = YES;
				GCC_C_LANGUAGE_STANDARD = gnu11;
				GCC_NO_COMMON_BLOCKS = YES;
				GCC_WARN_64_TO_32_BIT_CONVERSION = YES;
				GCC_WARN_ABOUT_RETURN_TYPE = YES_ERROR;
				GCC_WARN_UNDECLARED_SELECTOR = YES;
				GCC_WARN_UNINITIALIZED_AUTOS = YES_AGGRESSIVE;
				GCC_WARN_UNUSED_FUNCTION = YES;
				GCC_WARN_UNUSED_VARIABLE = YES;
				IPHONEOS_DEPLOYMENT_TARGET = 14.0;
				MTL_ENABLE_DEBUG_INFO = NO;
				MTL_FAST_MATH = YES;
				SDKROOT = iphoneos;
				SWIFT_COMPILATION_MODE = wholemodule;
				SWIFT_OPTIMIZATION_LEVEL = "-O";
				VALIDATE_PRODUCT = YES;
			};
			name = Release;
		};
		83FD41F1253DC1A70072ED28 /* Debug */ = {
			isa = XCBuildConfiguration;
			buildSettings = {
				ASSETCATALOG_COMPILER_APPICON_NAME = AppIcon;
				ASSETCATALOG_COMPILER_GLOBAL_ACCENT_COLOR_NAME = AccentColor;
				CODE_SIGN_STYLE = Automatic;
				DEVELOPMENT_ASSET_PATHS = "\"VKSwiftUI/Preview Content\"";
				DEVELOPMENT_TEAM = KJX5RBL3L3;
				ENABLE_PREVIEWS = YES;
				INFOPLIST_FILE = VKSwiftUI/Info.plist;
				IPHONEOS_DEPLOYMENT_TARGET = 14.0;
				LD_RUNPATH_SEARCH_PATHS = (
					"$(inherited)",
					"@executable_path/Frameworks",
				);
				PRODUCT_BUNDLE_IDENTIFIER = DA.VKSwiftUI;
				PRODUCT_NAME = "$(TARGET_NAME)";
				SWIFT_VERSION = 5.0;
				TARGETED_DEVICE_FAMILY = "1,2";
			};
			name = Debug;
		};
		83FD41F2253DC1A70072ED28 /* Release */ = {
			isa = XCBuildConfiguration;
			buildSettings = {
				ASSETCATALOG_COMPILER_APPICON_NAME = AppIcon;
				ASSETCATALOG_COMPILER_GLOBAL_ACCENT_COLOR_NAME = AccentColor;
				CODE_SIGN_STYLE = Automatic;
				DEVELOPMENT_ASSET_PATHS = "\"VKSwiftUI/Preview Content\"";
				DEVELOPMENT_TEAM = KJX5RBL3L3;
				ENABLE_PREVIEWS = YES;
				INFOPLIST_FILE = VKSwiftUI/Info.plist;
				IPHONEOS_DEPLOYMENT_TARGET = 14.0;
				LD_RUNPATH_SEARCH_PATHS = (
					"$(inherited)",
					"@executable_path/Frameworks",
				);
				PRODUCT_BUNDLE_IDENTIFIER = DA.VKSwiftUI;
				PRODUCT_NAME = "$(TARGET_NAME)";
				SWIFT_VERSION = 5.0;
				TARGETED_DEVICE_FAMILY = "1,2";
			};
			name = Release;
		};
		83FD41F4253DC1A70072ED28 /* Debug */ = {
			isa = XCBuildConfiguration;
			buildSettings = {
				ALWAYS_EMBED_SWIFT_STANDARD_LIBRARIES = YES;
				BUNDLE_LOADER = "$(TEST_HOST)";
				CODE_SIGN_STYLE = Automatic;
				DEVELOPMENT_TEAM = KJX5RBL3L3;
				INFOPLIST_FILE = VKSwiftUITests/Info.plist;
				IPHONEOS_DEPLOYMENT_TARGET = 14.0;
				LD_RUNPATH_SEARCH_PATHS = (
					"$(inherited)",
					"@executable_path/Frameworks",
					"@loader_path/Frameworks",
				);
				PRODUCT_BUNDLE_IDENTIFIER = DA.VKSwiftUITests;
				PRODUCT_NAME = "$(TARGET_NAME)";
				SWIFT_VERSION = 5.0;
				TARGETED_DEVICE_FAMILY = "1,2";
				TEST_HOST = "$(BUILT_PRODUCTS_DIR)/VKSwiftUI.app/VKSwiftUI";
			};
			name = Debug;
		};
		83FD41F5253DC1A70072ED28 /* Release */ = {
			isa = XCBuildConfiguration;
			buildSettings = {
				ALWAYS_EMBED_SWIFT_STANDARD_LIBRARIES = YES;
				BUNDLE_LOADER = "$(TEST_HOST)";
				CODE_SIGN_STYLE = Automatic;
				DEVELOPMENT_TEAM = KJX5RBL3L3;
				INFOPLIST_FILE = VKSwiftUITests/Info.plist;
				IPHONEOS_DEPLOYMENT_TARGET = 14.0;
				LD_RUNPATH_SEARCH_PATHS = (
					"$(inherited)",
					"@executable_path/Frameworks",
					"@loader_path/Frameworks",
				);
				PRODUCT_BUNDLE_IDENTIFIER = DA.VKSwiftUITests;
				PRODUCT_NAME = "$(TARGET_NAME)";
				SWIFT_VERSION = 5.0;
				TARGETED_DEVICE_FAMILY = "1,2";
				TEST_HOST = "$(BUILT_PRODUCTS_DIR)/VKSwiftUI.app/VKSwiftUI";
			};
			name = Release;
		};
		83FD41F7253DC1A70072ED28 /* Debug */ = {
			isa = XCBuildConfiguration;
			buildSettings = {
				ALWAYS_EMBED_SWIFT_STANDARD_LIBRARIES = YES;
				CODE_SIGN_STYLE = Automatic;
				DEVELOPMENT_TEAM = KJX5RBL3L3;
				INFOPLIST_FILE = VKSwiftUIUITests/Info.plist;
				LD_RUNPATH_SEARCH_PATHS = (
					"$(inherited)",
					"@executable_path/Frameworks",
					"@loader_path/Frameworks",
				);
				PRODUCT_BUNDLE_IDENTIFIER = DA.VKSwiftUIUITests;
				PRODUCT_NAME = "$(TARGET_NAME)";
				SWIFT_VERSION = 5.0;
				TARGETED_DEVICE_FAMILY = "1,2";
				TEST_TARGET_NAME = VKSwiftUI;
			};
			name = Debug;
		};
		83FD41F8253DC1A70072ED28 /* Release */ = {
			isa = XCBuildConfiguration;
			buildSettings = {
				ALWAYS_EMBED_SWIFT_STANDARD_LIBRARIES = YES;
				CODE_SIGN_STYLE = Automatic;
				DEVELOPMENT_TEAM = KJX5RBL3L3;
				INFOPLIST_FILE = VKSwiftUIUITests/Info.plist;
				LD_RUNPATH_SEARCH_PATHS = (
					"$(inherited)",
					"@executable_path/Frameworks",
					"@loader_path/Frameworks",
				);
				PRODUCT_BUNDLE_IDENTIFIER = DA.VKSwiftUIUITests;
				PRODUCT_NAME = "$(TARGET_NAME)";
				SWIFT_VERSION = 5.0;
				TARGETED_DEVICE_FAMILY = "1,2";
				TEST_TARGET_NAME = VKSwiftUI;
			};
			name = Release;
		};
/* End XCBuildConfiguration section */

/* Begin XCConfigurationList section */
		83FD41C1253DC1A50072ED28 /* Build configuration list for PBXProject "VKSwiftUI" */ = {
			isa = XCConfigurationList;
			buildConfigurations = (
				83FD41EE253DC1A70072ED28 /* Debug */,
				83FD41EF253DC1A70072ED28 /* Release */,
			);
			defaultConfigurationIsVisible = 0;
			defaultConfigurationName = Release;
		};
		83FD41F0253DC1A70072ED28 /* Build configuration list for PBXNativeTarget "VKSwiftUI" */ = {
			isa = XCConfigurationList;
			buildConfigurations = (
				83FD41F1253DC1A70072ED28 /* Debug */,
				83FD41F2253DC1A70072ED28 /* Release */,
			);
			defaultConfigurationIsVisible = 0;
			defaultConfigurationName = Release;
		};
		83FD41F3253DC1A70072ED28 /* Build configuration list for PBXNativeTarget "VKSwiftUITests" */ = {
			isa = XCConfigurationList;
			buildConfigurations = (
				83FD41F4253DC1A70072ED28 /* Debug */,
				83FD41F5253DC1A70072ED28 /* Release */,
			);
			defaultConfigurationIsVisible = 0;
			defaultConfigurationName = Release;
		};
		83FD41F6253DC1A70072ED28 /* Build configuration list for PBXNativeTarget "VKSwiftUIUITests" */ = {
			isa = XCConfigurationList;
			buildConfigurations = (
				83FD41F7253DC1A70072ED28 /* Debug */,
				83FD41F8253DC1A70072ED28 /* Release */,
			);
			defaultConfigurationIsVisible = 0;
			defaultConfigurationName = Release;
		};
/* End XCConfigurationList section */

/* Begin XCVersionGroup section */
		83FD41D4253DC1A60072ED28 /* VKSwiftUI.xcdatamodeld */ = {
			isa = XCVersionGroup;
			children = (
				83FD41D5253DC1A60072ED28 /* VKSwiftUI.xcdatamodel */,
			);
			currentVersion = 83FD41D5253DC1A60072ED28 /* VKSwiftUI.xcdatamodel */;
			path = VKSwiftUI.xcdatamodeld;
			sourceTree = "<group>";
			versionGroupType = wrapper.xcdatamodel;
		};
/* End XCVersionGroup section */
	};
	rootObject = 83FD41BE253DC1A50072ED28 /* Project object */;
}
